
Microsoft Visual Studio Solution File, Format Version 12.00
# Visual Studio Version 17
VisualStudioVersion = 17.5.33209.295
MinimumVisualStudioVersion = 10.0.40219.1
Project("{FAE04EC0-301F-11D3-BF4B-00C04F79EFBC}") = "UCS-CRM", "UCS-CRM\UCS-CRM.csproj", "{650644B7-8A09-4459-9F4A-10CBCCA2F854}"
EndProject
Global
	GlobalSection(SolutionConfigurationPlatforms) = preSolution
		Debug|Any CPU = Debug|Any CPU
		Release|Any CPU = Release|Any CPU
	EndGlobalSection
	GlobalSection(ProjectConfigurationPlatforms) = postSolution
		{650644B7-8A09-4459-9F4A-10CBCCA2F854}.Debug|Any CPU.ActiveCfg = Debug|Any CPU
		{650644B7-8A09-4459-9F4A-10CBCCA2F854}.Debug|Any CPU.Build.0 = Debug|Any CPU
		{650644B7-8A09-4459-9F4A-10CBCCA2F854}.Release|Any CPU.ActiveCfg = Release|Any CPU
		{650644B7-8A09-4459-9F4A-10CBCCA2F854}.Release|Any CPU.Build.0 = Release|Any CPU
	EndGlobalSection
	GlobalSection(SolutionProperties) = preSolution
		HideSolutionNode = FALSE
	EndGlobalSection
	GlobalSection(ExtensibilityGlobals) = postSolution
		SolutionGuid = {24BDAD1C-723E-4560-A714-94005D670DA0}
	EndGlobalSection
EndGlobal
